{
    "_readme": [
        "This file locks the dependencies of your project to a known state",
        "Read more about it at https://getcomposer.org/doc/01-basic-usage.md#composer-lock-the-lock-file",
        "This file is @generated automatically"
    ],
    "hash": "c6021b2073c709f132be53833947ac73",
    "packages": [
        {
            "name": "flowjs/flow-php-server",
            "version": "dev-master",
            "source": {
                "type": "git",
                "url": "https://github.com/flowjs/flow-php-server.git",
                "reference": "8d7db8b7cf4e650170dbf29b648e16060ae734b5"
            },
            "dist": {
                "type": "zip",
                "url": "https://api.github.com/repos/flowjs/flow-php-server/zipball/8d7db8b7cf4e650170dbf29b648e16060ae734b5",
                "reference": "8d7db8b7cf4e650170dbf29b648e16060ae734b5",
                "shasum": ""
            },
            "require": {
                "php": ">=5.4"
            },
            "require-dev": {
                "fabpot/php-cs-fixer": "dev-master",
                "league/phpunit-coverage-listener": "~1.1",
                "mikey179/vfsstream": "v1.2.0",
                "phpunit/phpunit": "4.*"
            },
            "type": "library",
            "autoload": {
                "psr-0": {
                    "Flow": "src"
                }
            },
            "notification-url": "https://packagist.org/downloads/",
            "license": [
                "MIT"
            ],
            "authors": [
                {
                    "name": "Aidas Klimas",
                    "email": "aidaskk@gmail.com"
                }
            ],
            "description": "PHP library for handling chunk uploads. Works with flow.js html5 file uploads.",
            "keywords": [
                "chunks",
                "file upload",
                "flow",
                "flow.js",
                "html5 file upload",
                "resumable",
                "resumable.js",
                "upload"
            ],
            "time": "2015-07-21 14:06:47"
        }
    ],
    "packages-dev": [],
    "aliases": [],
    "minimum-stability": "dev",
    "stability-flags": {
        "flowjs/flow-php-server": 20
    },
    "prefer-stable": false,
    "prefer-lowest": false,
    "platform": {
        "php": ">=5.3.0"
    },
    "platform-dev": []
}
